
Microsoft Visual Studio Solution File, Format Version 12.00
# Visual Studio Version 17
VisualStudioVersion = 17.5.33516.290
MinimumVisualStudioVersion = 10.0.40219.1
Project("{FAE04EC0-301F-11D3-BF4B-00C04F79EFBC}") = "MindBoxLibrary", "MindBoxLibrary.csproj", "{91006F8D-EED0-4847-991A-2793E9DEC947}"
EndProject
Project("{FAE04EC0-301F-11D3-BF4B-00C04F79EFBC}") = "GeometryTest", "..\GeometryTest\GeometryTest.csproj", "{C9D46486-DF67-4AAD-B5A3-8D18C66F9F1E}"
EndProject
Global
	GlobalSection(SolutionConfigurationPlatforms) = preSolution
		Debug|Any CPU = Debug|Any CPU
		Release|Any CPU = Release|Any CPU
	EndGlobalSection
	GlobalSection(ProjectConfigurationPlatforms) = postSolution
		{91006F8D-EED0-4847-991A-2793E9DEC947}.Debug|Any CPU.ActiveCfg = Debug|Any CPU
		{91006F8D-EED0-4847-991A-2793E9DEC947}.Debug|Any CPU.Build.0 = Debug|Any CPU
		{91006F8D-EED0-4847-991A-2793E9DEC947}.Release|Any CPU.ActiveCfg = Release|Any CPU
		{91006F8D-EED0-4847-991A-2793E9DEC947}.Release|Any CPU.Build.0 = Release|Any CPU
		{C9D46486-DF67-4AAD-B5A3-8D18C66F9F1E}.Debug|Any CPU.ActiveCfg = Debug|Any CPU
		{C9D46486-DF67-4AAD-B5A3-8D18C66F9F1E}.Debug|Any CPU.Build.0 = Debug|Any CPU
		{C9D46486-DF67-4AAD-B5A3-8D18C66F9F1E}.Release|Any CPU.ActiveCfg = Release|Any CPU
		{C9D46486-DF67-4AAD-B5A3-8D18C66F9F1E}.Release|Any CPU.Build.0 = Release|Any CPU
	EndGlobalSection
	GlobalSection(SolutionProperties) = preSolution
		HideSolutionNode = FALSE
	EndGlobalSection
	GlobalSection(ExtensibilityGlobals) = postSolution
		SolutionGuid = {6F5BC85B-8313-45E8-B9F5-18C363ECA0A1}
	EndGlobalSection
EndGlobal
